
Microsoft Visual Studio Solution File, Format Version 12.00
# Visual Studio 15
VisualStudioVersion = 15.0.28307.1738
MinimumVisualStudioVersion = 10.0.40219.1
Project("{FAE04EC0-301F-11D3-BF4B-00C04F79EFBC}") = "Bt_DaHinh_VyQuangHiep", "Bt_DaHinh_VyQuangHiep\Bt_DaHinh_VyQuangHiep.csproj", "{09E51E73-7B58-44C8-A3D0-FE3D1C948464}"
EndProject
Global
	GlobalSection(SolutionConfigurationPlatforms) = preSolution
		Debug|Any CPU = Debug|Any CPU
		Release|Any CPU = Release|Any CPU
	EndGlobalSection
	GlobalSection(ProjectConfigurationPlatforms) = postSolution
		{09E51E73-7B58-44C8-A3D0-FE3D1C948464}.Debug|Any CPU.ActiveCfg = Debug|Any CPU
		{09E51E73-7B58-44C8-A3D0-FE3D1C948464}.Debug|Any CPU.Build.0 = Debug|Any CPU
		{09E51E73-7B58-44C8-A3D0-FE3D1C948464}.Release|Any CPU.ActiveCfg = Release|Any CPU
		{09E51E73-7B58-44C8-A3D0-FE3D1C948464}.Release|Any CPU.Build.0 = Release|Any CPU
	EndGlobalSection
	GlobalSection(SolutionProperties) = preSolution
		HideSolutionNode = FALSE
	EndGlobalSection
	GlobalSection(ExtensibilityGlobals) = postSolution
		SolutionGuid = {73566E2F-5901-4B37-BEB5-0AEFC5617ACA}
	EndGlobalSection
EndGlobal
