
Microsoft Visual Studio Solution File, Format Version 12.00
# Visual Studio 15
VisualStudioVersion = 15.0.28307.1738
MinimumVisualStudioVersion = 10.0.40219.1
Project("{FAE04EC0-301F-11D3-BF4B-00C04F79EFBC}") = "Điemanhngay10-5", "Điemanhngay10-5\Điemanhngay10-5.csproj", "{4122C153-0DA0-4C82-B357-85FCA3D98C22}"
EndProject
Global
	GlobalSection(SolutionConfigurationPlatforms) = preSolution
		Debug|Any CPU = Debug|Any CPU
		Release|Any CPU = Release|Any CPU
	EndGlobalSection
	GlobalSection(ProjectConfigurationPlatforms) = postSolution
		{4122C153-0DA0-4C82-B357-85FCA3D98C22}.Debug|Any CPU.ActiveCfg = Debug|Any CPU
		{4122C153-0DA0-4C82-B357-85FCA3D98C22}.Debug|Any CPU.Build.0 = Debug|Any CPU
		{4122C153-0DA0-4C82-B357-85FCA3D98C22}.Release|Any CPU.ActiveCfg = Release|Any CPU
		{4122C153-0DA0-4C82-B357-85FCA3D98C22}.Release|Any CPU.Build.0 = Release|Any CPU
	EndGlobalSection
	GlobalSection(SolutionProperties) = preSolution
		HideSolutionNode = FALSE
	EndGlobalSection
	GlobalSection(ExtensibilityGlobals) = postSolution
		SolutionGuid = {3B28AE4E-4CC8-42D9-ACEE-C675906DF19C}
	EndGlobalSection
EndGlobal
